
Microsoft Visual Studio Solution File, Format Version 12.00
# Visual Studio 15
VisualStudioVersion = 15.0.28307.271
MinimumVisualStudioVersion = 10.0.40219.1
Project("{FAE04EC0-301F-11D3-BF4B-00C04F79EFBC}") = "WpfHomeWork6", "WpfHomeWork6\WpfHomeWork6.csproj", "{A0792F4F-5568-4DB0-8BC6-7F2AC204FA25}"
EndProject
Global
	GlobalSection(SolutionConfigurationPlatforms) = preSolution
		Debug|Any CPU = Debug|Any CPU
		Release|Any CPU = Release|Any CPU
	EndGlobalSection
	GlobalSection(ProjectConfigurationPlatforms) = postSolution
		{A0792F4F-5568-4DB0-8BC6-7F2AC204FA25}.Debug|Any CPU.ActiveCfg = Debug|Any CPU
		{A0792F4F-5568-4DB0-8BC6-7F2AC204FA25}.Debug|Any CPU.Build.0 = Debug|Any CPU
		{A0792F4F-5568-4DB0-8BC6-7F2AC204FA25}.Release|Any CPU.ActiveCfg = Release|Any CPU
		{A0792F4F-5568-4DB0-8BC6-7F2AC204FA25}.Release|Any CPU.Build.0 = Release|Any CPU
	EndGlobalSection
	GlobalSection(SolutionProperties) = preSolution
		HideSolutionNode = FALSE
	EndGlobalSection
	GlobalSection(ExtensibilityGlobals) = postSolution
		SolutionGuid = {DBAE39AE-23B5-4B20-8C86-AE6C5C6A24C7}
	EndGlobalSection
EndGlobal
